
Microsoft Visual Studio Solution File, Format Version 12.00
# Visual Studio Version 17
VisualStudioVersion = 17.0.31903.59
MinimumVisualStudioVersion = 10.0.40219.1
Project("{2150E333-8FDC-42A3-9474-1A3956D46DE8}") = "Services", "Services", "{C5C4D156-4001-4272-B8C1-7C3AEBDD83FF}"
EndProject
Project("{2150E333-8FDC-42A3-9474-1A3956D46DE8}") = "Catalog", "Catalog", "{3B721EB8-5663-419A-AFF1-78BE31FA59EC}"
EndProject
Project("{9A19103F-16F7-4668-BE54-9A1E7A4F7556}") = "Catalog.API", "Services\Catalog\Catalog.API\Catalog.API.csproj", "{5998554F-8C30-4946-B250-9AC86C83323A}"
EndProject
Project("{E53339B2-1760-4266-BCC7-CA923CBCF16C}") = "docker-compose", "docker-compose.dcproj", "{4E5081E0-030C-43B5-82E2-C5F958FAB108}"
EndProject
Project("{2150E333-8FDC-42A3-9474-1A3956D46DE8}") = "Basket", "Basket", "{012D7B39-1656-4962-AC96-D55A2A0D428A}"
EndProject
Project("{9A19103F-16F7-4668-BE54-9A1E7A4F7556}") = "Basket.API", "Services\Basket\Basket.API\Basket.API.csproj", "{3BF8D5F9-800C-4C87-9FEF-B98ABC9A3357}"
EndProject
Project("{2150E333-8FDC-42A3-9474-1A3956D46DE8}") = "Discount", "Discount", "{B8308188-DA06-4E6C-BAD6-9674D17094AA}"
EndProject
Project("{9A19103F-16F7-4668-BE54-9A1E7A4F7556}") = "Discount.API", "Services\Discount\Discount.API\Discount.API.csproj", "{7C3A2827-D305-446C-AB35-3192F64C0F03}"
EndProject
Project("{FAE04EC0-301F-11D3-BF4B-00C04F79EFBC}") = "Discount.Grpc", "Services\Discount\Discount.Grpc\Discount.Grpc.csproj", "{2BA94198-1F81-438A-829C-0B5E3130BF6D}"
EndProject
Global
	GlobalSection(SolutionConfigurationPlatforms) = preSolution
		Debug|Any CPU = Debug|Any CPU
		Release|Any CPU = Release|Any CPU
	EndGlobalSection
	GlobalSection(ProjectConfigurationPlatforms) = postSolution
		{5998554F-8C30-4946-B250-9AC86C83323A}.Debug|Any CPU.ActiveCfg = Debug|Any CPU
		{5998554F-8C30-4946-B250-9AC86C83323A}.Debug|Any CPU.Build.0 = Debug|Any CPU
		{5998554F-8C30-4946-B250-9AC86C83323A}.Release|Any CPU.ActiveCfg = Release|Any CPU
		{5998554F-8C30-4946-B250-9AC86C83323A}.Release|Any CPU.Build.0 = Release|Any CPU
		{4E5081E0-030C-43B5-82E2-C5F958FAB108}.Debug|Any CPU.ActiveCfg = Debug|Any CPU
		{4E5081E0-030C-43B5-82E2-C5F958FAB108}.Debug|Any CPU.Build.0 = Debug|Any CPU
		{4E5081E0-030C-43B5-82E2-C5F958FAB108}.Release|Any CPU.ActiveCfg = Release|Any CPU
		{4E5081E0-030C-43B5-82E2-C5F958FAB108}.Release|Any CPU.Build.0 = Release|Any CPU
		{3BF8D5F9-800C-4C87-9FEF-B98ABC9A3357}.Debug|Any CPU.ActiveCfg = Debug|Any CPU
		{3BF8D5F9-800C-4C87-9FEF-B98ABC9A3357}.Debug|Any CPU.Build.0 = Debug|Any CPU
		{3BF8D5F9-800C-4C87-9FEF-B98ABC9A3357}.Release|Any CPU.ActiveCfg = Release|Any CPU
		{3BF8D5F9-800C-4C87-9FEF-B98ABC9A3357}.Release|Any CPU.Build.0 = Release|Any CPU
		{7C3A2827-D305-446C-AB35-3192F64C0F03}.Debug|Any CPU.ActiveCfg = Debug|Any CPU
		{7C3A2827-D305-446C-AB35-3192F64C0F03}.Debug|Any CPU.Build.0 = Debug|Any CPU
		{7C3A2827-D305-446C-AB35-3192F64C0F03}.Release|Any CPU.ActiveCfg = Release|Any CPU
		{7C3A2827-D305-446C-AB35-3192F64C0F03}.Release|Any CPU.Build.0 = Release|Any CPU
		{2BA94198-1F81-438A-829C-0B5E3130BF6D}.Debug|Any CPU.ActiveCfg = Debug|Any CPU
		{2BA94198-1F81-438A-829C-0B5E3130BF6D}.Debug|Any CPU.Build.0 = Debug|Any CPU
		{2BA94198-1F81-438A-829C-0B5E3130BF6D}.Release|Any CPU.ActiveCfg = Release|Any CPU
		{2BA94198-1F81-438A-829C-0B5E3130BF6D}.Release|Any CPU.Build.0 = Release|Any CPU
	EndGlobalSection
	GlobalSection(SolutionProperties) = preSolution
		HideSolutionNode = FALSE
	EndGlobalSection
	GlobalSection(NestedProjects) = preSolution
		{3B721EB8-5663-419A-AFF1-78BE31FA59EC} = {C5C4D156-4001-4272-B8C1-7C3AEBDD83FF}
		{5998554F-8C30-4946-B250-9AC86C83323A} = {3B721EB8-5663-419A-AFF1-78BE31FA59EC}
		{012D7B39-1656-4962-AC96-D55A2A0D428A} = {C5C4D156-4001-4272-B8C1-7C3AEBDD83FF}
		{3BF8D5F9-800C-4C87-9FEF-B98ABC9A3357} = {012D7B39-1656-4962-AC96-D55A2A0D428A}
		{B8308188-DA06-4E6C-BAD6-9674D17094AA} = {C5C4D156-4001-4272-B8C1-7C3AEBDD83FF}
		{7C3A2827-D305-446C-AB35-3192F64C0F03} = {B8308188-DA06-4E6C-BAD6-9674D17094AA}
		{2BA94198-1F81-438A-829C-0B5E3130BF6D} = {B8308188-DA06-4E6C-BAD6-9674D17094AA}
	EndGlobalSection
	GlobalSection(ExtensibilityGlobals) = postSolution
		SolutionGuid = {E2C7B522-3B7D-44D3-9665-2D1D2C46EA11}
	EndGlobalSection
EndGlobal
